
Microsoft Visual Studio Solution File, Format Version 12.00
# Visual Studio Version 17
VisualStudioVersion = 17.14.36212.18
MinimumVisualStudioVersion = 10.0.40219.1
Project("{FAE04EC0-301F-11D3-BF4B-00C04F79EFBC}") = "functionalconcept", "functionalconcept\functionalconcept.csproj", "{490C07CF-8763-4B53-9A80-276964B8BF0A}"
EndProject
Project("{FAE04EC0-301F-11D3-BF4B-00C04F79EFBC}") = "ImpretiveConceptV2", "ImpretiveConceptV2\ImpretiveConceptV2.csproj", "{5326DAFF-01A1-44AA-80C4-703569F1C5A8}"
EndProject
Global
	GlobalSection(SolutionConfigurationPlatforms) = preSolution
		Debug|Any CPU = Debug|Any CPU
		Release|Any CPU = Release|Any CPU
	EndGlobalSection
	GlobalSection(ProjectConfigurationPlatforms) = postSolution
		{490C07CF-8763-4B53-9A80-276964B8BF0A}.Debug|Any CPU.ActiveCfg = Debug|Any CPU
		{490C07CF-8763-4B53-9A80-276964B8BF0A}.Debug|Any CPU.Build.0 = Debug|Any CPU
		{490C07CF-8763-4B53-9A80-276964B8BF0A}.Release|Any CPU.ActiveCfg = Release|Any CPU
		{490C07CF-8763-4B53-9A80-276964B8BF0A}.Release|Any CPU.Build.0 = Release|Any CPU
		{5326DAFF-01A1-44AA-80C4-703569F1C5A8}.Debug|Any CPU.ActiveCfg = Debug|Any CPU
		{5326DAFF-01A1-44AA-80C4-703569F1C5A8}.Debug|Any CPU.Build.0 = Debug|Any CPU
		{5326DAFF-01A1-44AA-80C4-703569F1C5A8}.Release|Any CPU.ActiveCfg = Release|Any CPU
		{5326DAFF-01A1-44AA-80C4-703569F1C5A8}.Release|Any CPU.Build.0 = Release|Any CPU
	EndGlobalSection
	GlobalSection(SolutionProperties) = preSolution
		HideSolutionNode = FALSE
	EndGlobalSection
	GlobalSection(ExtensibilityGlobals) = postSolution
		SolutionGuid = {96C9FBB0-77DE-4862-98B9-A7A13AF20BE2}
	EndGlobalSection
EndGlobal
